Microsoft Visual Studio Solution File, Format Version 11.00
# Visual Studio 2008

Project("{965244E5-F4B2-753C-69FD-95DCF85E646C}") = "razzle-dazzle-juries", "Assembly-CSharp-firstpass.csproj", "{01D7D847-6ACB-E209-3FCC-2BED4B996E41}"
EndProject
Project("{965244E5-F4B2-753C-69FD-95DCF85E646C}") = "razzle-dazzle-juries", "Assembly-CSharp.csproj", "{6EFC0E2F-5479-BB0A-31F4-2F5ACFD879E1}"
EndProject
Project("{965244E5-F4B2-753C-69FD-95DCF85E646C}") = "razzle-dazzle-juries", "Assembly-CSharp-Editor.csproj", "{19E137FC-F239-D839-C826-E87668B0F8AA}"
EndProject
Global
	GlobalSection(SolutionConfigurationPlatforms) = preSolution
		Debug|Any CPU = Debug|Any CPU
		Release|Any CPU = Release|Any CPU
	EndGlobalSection
	GlobalSection(ProjectConfigurationPlatforms) = postSolution
		{01D7D847-6ACB-E209-3FCC-2BED4B996E41}.Debug|Any CPU.ActiveCfg = Debug|Any CPU
		{01D7D847-6ACB-E209-3FCC-2BED4B996E41}.Debug|Any CPU.Build.0 = Debug|Any CPU
		{01D7D847-6ACB-E209-3FCC-2BED4B996E41}.Release|Any CPU.ActiveCfg = Release|Any CPU
		{01D7D847-6ACB-E209-3FCC-2BED4B996E41}.Release|Any CPU.Build.0 = Release|Any CPU
		{6EFC0E2F-5479-BB0A-31F4-2F5ACFD879E1}.Debug|Any CPU.ActiveCfg = Debug|Any CPU
		{6EFC0E2F-5479-BB0A-31F4-2F5ACFD879E1}.Debug|Any CPU.Build.0 = Debug|Any CPU
		{6EFC0E2F-5479-BB0A-31F4-2F5ACFD879E1}.Release|Any CPU.ActiveCfg = Release|Any CPU
		{6EFC0E2F-5479-BB0A-31F4-2F5ACFD879E1}.Release|Any CPU.Build.0 = Release|Any CPU
		{19E137FC-F239-D839-C826-E87668B0F8AA}.Debug|Any CPU.ActiveCfg = Debug|Any CPU
		{19E137FC-F239-D839-C826-E87668B0F8AA}.Debug|Any CPU.Build.0 = Debug|Any CPU
		{19E137FC-F239-D839-C826-E87668B0F8AA}.Release|Any CPU.ActiveCfg = Release|Any CPU
		{19E137FC-F239-D839-C826-E87668B0F8AA}.Release|Any CPU.Build.0 = Release|Any CPU
	EndGlobalSection
	GlobalSection(SolutionProperties) = preSolution
		HideSolutionNode = FALSE
	EndGlobalSection
			GlobalSection(MonoDevelopProperties) = preSolution
		StartupItem = Assembly-CSharp.csproj
		Policies = $0
		$0.TextStylePolicy = $1
		$1.inheritsSet = null
		$1.scope = text/x-csharp
		$0.CSharpFormattingPolicy = $2
		$2.inheritsSet = Mono
		$2.inheritsScope = text/x-csharp
		$2.scope = text/x-csharp
		$0.TextStylePolicy = $3
		$3.FileWidth = 120
		$3.TabWidth = 4
		$3.IndentWidth = 4
		$3.EolMarker = Unix
		$3.inheritsSet = Mono
		$3.inheritsScope = text/plain
		$3.scope = text/plain
	EndGlobalSection

EndGlobal
